
Microsoft Visual Studio Solution File, Format Version 12.00
Project("{FAE04EC0-301F-11D3-BF4B-00C04F79EFBC}") = "ExplainModel", "ExplainModel\ExplainModel.csproj", "{6A1C9BE8-3D3B-4D9D-A79C-31F181D075DB}"
EndProject
Project("{FAE04EC0-301F-11D3-BF4B-00C04F79EFBC}") = "ExplainConsole", "ExplainConsole\ExplainConsole.csproj", "{7ADDAE42-52A8-4F98-9468-6C9E896ED40E}"
EndProject
Global
	GlobalSection(SolutionConfigurationPlatforms) = preSolution
		Debug|Any CPU = Debug|Any CPU
		Release|Any CPU = Release|Any CPU
	EndGlobalSection
	GlobalSection(ProjectConfigurationPlatforms) = postSolution
		{6A1C9BE8-3D3B-4D9D-A79C-31F181D075DB}.Debug|Any CPU.ActiveCfg = Debug|Any CPU
		{6A1C9BE8-3D3B-4D9D-A79C-31F181D075DB}.Debug|Any CPU.Build.0 = Debug|Any CPU
		{6A1C9BE8-3D3B-4D9D-A79C-31F181D075DB}.Release|Any CPU.ActiveCfg = Release|Any CPU
		{6A1C9BE8-3D3B-4D9D-A79C-31F181D075DB}.Release|Any CPU.Build.0 = Release|Any CPU
		{7ADDAE42-52A8-4F98-9468-6C9E896ED40E}.Debug|Any CPU.ActiveCfg = Debug|Any CPU
		{7ADDAE42-52A8-4F98-9468-6C9E896ED40E}.Debug|Any CPU.Build.0 = Debug|Any CPU
		{7ADDAE42-52A8-4F98-9468-6C9E896ED40E}.Release|Any CPU.ActiveCfg = Release|Any CPU
		{7ADDAE42-52A8-4F98-9468-6C9E896ED40E}.Release|Any CPU.Build.0 = Release|Any CPU
	EndGlobalSection
EndGlobal
